
Microsoft Visual Studio Solution File, Format Version 12.00
Project("{FAE04EC0-301F-11D3-BF4B-00C04F79EFBC}") = "MedExpert.Web", "MedExpert.Web\MedExpert.Web.csproj", "{41F65B62-3B3E-4227-A34E-F8A3C111B896}"
EndProject
Project("{FAE04EC0-301F-11D3-BF4B-00C04F79EFBC}") = "MedExpert.UnitTests", "MedExpert.UnitTests\MedExpert.UnitTests.csproj", "{83BE727D-AA68-4CB9-9887-3686BEB925E6}"
EndProject
Project("{FAE04EC0-301F-11D3-BF4B-00C04F79EFBC}") = "MedExpert.Services", "MedExpert.Services\MedExpert.Services.csproj", "{BCB8F34A-2C87-4786-8ECC-047D5A761E8F}"
EndProject
Project("{FAE04EC0-301F-11D3-BF4B-00C04F79EFBC}") = "MedExpert.Domain", "MedExpert.Domain\MedExpert.Domain.csproj", "{B9B42F2B-52C5-4695-B1F1-BD7BB641BEB0}"
EndProject
Project("{FAE04EC0-301F-11D3-BF4B-00C04F79EFBC}") = "MedExpert.Core", "MedExpert.Core\MedExpert.Core.csproj", "{225C482C-1110-43DE-A53F-2CBD94834C58}"
EndProject
Global
	GlobalSection(SolutionConfigurationPlatforms) = preSolution
		Debug|Any CPU = Debug|Any CPU
		Release|Any CPU = Release|Any CPU
	EndGlobalSection
	GlobalSection(ProjectConfigurationPlatforms) = postSolution
		{41F65B62-3B3E-4227-A34E-F8A3C111B896}.Debug|Any CPU.ActiveCfg = Debug|Any CPU
		{41F65B62-3B3E-4227-A34E-F8A3C111B896}.Debug|Any CPU.Build.0 = Debug|Any CPU
		{41F65B62-3B3E-4227-A34E-F8A3C111B896}.Release|Any CPU.ActiveCfg = Release|Any CPU
		{41F65B62-3B3E-4227-A34E-F8A3C111B896}.Release|Any CPU.Build.0 = Release|Any CPU
		{83BE727D-AA68-4CB9-9887-3686BEB925E6}.Debug|Any CPU.ActiveCfg = Debug|Any CPU
		{83BE727D-AA68-4CB9-9887-3686BEB925E6}.Debug|Any CPU.Build.0 = Debug|Any CPU
		{83BE727D-AA68-4CB9-9887-3686BEB925E6}.Release|Any CPU.ActiveCfg = Release|Any CPU
		{83BE727D-AA68-4CB9-9887-3686BEB925E6}.Release|Any CPU.Build.0 = Release|Any CPU
		{BCB8F34A-2C87-4786-8ECC-047D5A761E8F}.Debug|Any CPU.ActiveCfg = Debug|Any CPU
		{BCB8F34A-2C87-4786-8ECC-047D5A761E8F}.Debug|Any CPU.Build.0 = Debug|Any CPU
		{BCB8F34A-2C87-4786-8ECC-047D5A761E8F}.Release|Any CPU.ActiveCfg = Release|Any CPU
		{BCB8F34A-2C87-4786-8ECC-047D5A761E8F}.Release|Any CPU.Build.0 = Release|Any CPU
		{B9B42F2B-52C5-4695-B1F1-BD7BB641BEB0}.Debug|Any CPU.ActiveCfg = Debug|Any CPU
		{B9B42F2B-52C5-4695-B1F1-BD7BB641BEB0}.Debug|Any CPU.Build.0 = Debug|Any CPU
		{B9B42F2B-52C5-4695-B1F1-BD7BB641BEB0}.Release|Any CPU.ActiveCfg = Release|Any CPU
		{B9B42F2B-52C5-4695-B1F1-BD7BB641BEB0}.Release|Any CPU.Build.0 = Release|Any CPU
		{225C482C-1110-43DE-A53F-2CBD94834C58}.Debug|Any CPU.ActiveCfg = Debug|Any CPU
		{225C482C-1110-43DE-A53F-2CBD94834C58}.Debug|Any CPU.Build.0 = Debug|Any CPU
		{225C482C-1110-43DE-A53F-2CBD94834C58}.Release|Any CPU.ActiveCfg = Release|Any CPU
		{225C482C-1110-43DE-A53F-2CBD94834C58}.Release|Any CPU.Build.0 = Release|Any CPU
	EndGlobalSection
EndGlobal
